
Microsoft Visual Studio Solution File, Format Version 12.00
# Visual Studio Version 17
VisualStudioVersion = 17.4.33403.182
MinimumVisualStudioVersion = 10.0.40219.1
Project("{FAE04EC0-301F-11D3-BF4B-00C04F79EFBC}") = "EmployeePenguin", "EmployeePenguin\EmployeePenguin.csproj", "{945E3B28-65C2-478B-9AD9-38D6C7E456A1}"
EndProject
Global
	GlobalSection(SolutionConfigurationPlatforms) = preSolution
		Debug|Any CPU = Debug|Any CPU
		Release|Any CPU = Release|Any CPU
	EndGlobalSection
	GlobalSection(ProjectConfigurationPlatforms) = postSolution
		{945E3B28-65C2-478B-9AD9-38D6C7E456A1}.Debug|Any CPU.ActiveCfg = Debug|Any CPU
		{945E3B28-65C2-478B-9AD9-38D6C7E456A1}.Debug|Any CPU.Build.0 = Debug|Any CPU
		{945E3B28-65C2-478B-9AD9-38D6C7E456A1}.Release|Any CPU.ActiveCfg = Release|Any CPU
		{945E3B28-65C2-478B-9AD9-38D6C7E456A1}.Release|Any CPU.Build.0 = Release|Any CPU
	EndGlobalSection
	GlobalSection(SolutionProperties) = preSolution
		HideSolutionNode = FALSE
	EndGlobalSection
	GlobalSection(ExtensibilityGlobals) = postSolution
		SolutionGuid = {BC7996E6-474D-454F-BDE3-66F1C5D8FB44}
	EndGlobalSection
EndGlobal
